// !$*UTF8*$!
{
	archiveVersion = 1;
	classes = {
	};
	objectVersion = 55;
	objects = {

/* Begin PBXBuildFile section */
		4A7B1810274BEA0000F9C595 /* AppDelegate.swift in Sources */ = {isa = PBXBuildFile; fileRef = 4A7B180F274BEA0000F9C595 /* AppDelegate.swift */; };
		4A7B1812274BEA0000F9C595 /* SceneDelegate.swift in Sources */ = {isa = PBXBuildFile; fileRef = 4A7B1811274BEA0000F9C595 /* SceneDelegate.swift */; };
		4A7B1817274BEA0000F9C595 /* Main.storyboard in Resources */ = {isa = PBXBuildFile; fileRef = 4A7B1815274BEA0000F9C595 /* Main.storyboard */; };
		4A7B1819274BEA0100F9C595 /* Assets.xcassets in Resources */ = {isa = PBXBuildFile; fileRef = 4A7B1818274BEA0100F9C595 /* Assets.xcassets */; };
		4A7B181C274BEA0100F9C595 /* LaunchScreen.storyboard in Resources */ = {isa = PBXBuildFile; fileRef = 4A7B181A274BEA0100F9C595 /* LaunchScreen.storyboard */; };
		4A7B182E274BEB9100F9C595 /* AlbumDetailsVC.swift in Sources */ = {isa = PBXBuildFile; fileRef = 4A7B182D274BEB9100F9C595 /* AlbumDetailsVC.swift */; };
		4A7B1830274BEBDC00F9C595 /* ListVC.swift in Sources */ = {isa = PBXBuildFile; fileRef = 4A7B182F274BEBDC00F9C595 /* ListVC.swift */; };
		4A7B1832274BEC0400F9C595 /* PictureDetailsVC.swift in Sources */ = {isa = PBXBuildFile; fileRef = 4A7B1831274BEC0400F9C595 /* PictureDetailsVC.swift */; };
		4A7B1835274BED1600F9C595 /* ListCell.swift in Sources */ = {isa = PBXBuildFile; fileRef = 4A7B1833274BED1600F9C595 /* ListCell.swift */; };
		4A7B1836274BED1600F9C595 /* ListCell.xib in Resources */ = {isa = PBXBuildFile; fileRef = 4A7B1834274BED1600F9C595 /* ListCell.xib */; };
		4A7B1839274BED3E00F9C595 /* PhotosCell.swift in Sources */ = {isa = PBXBuildFile; fileRef = 4A7B1837274BED3E00F9C595 /* PhotosCell.swift */; };
		4A7B183A274BED3E00F9C595 /* PhotosCell.xib in Resources */ = {isa = PBXBuildFile; fileRef = 4A7B1838274BED3E00F9C595 /* PhotosCell.xib */; };
		4A7B183C274BF44400F9C595 /* ExtensionString.swift in Sources */ = {isa = PBXBuildFile; fileRef = 4A7B183B274BF44400F9C595 /* ExtensionString.swift */; };
		4A7B183E274BF46000F9C595 /* FetchDataForPhoto.swift in Sources */ = {isa = PBXBuildFile; fileRef = 4A7B183D274BF46000F9C595 /* FetchDataForPhoto.swift */; };
		4A7B1840274BF47000F9C595 /* FetchDataForAlbum.swift in Sources */ = {isa = PBXBuildFile; fileRef = 4A7B183F274BF47000F9C595 /* FetchDataForAlbum.swift */; };
		4A7B1842274BF48A00F9C595 /* Albums.swift in Sources */ = {isa = PBXBuildFile; fileRef = 4A7B1841274BF48A00F9C595 /* Albums.swift */; };
		4A7B1844274BF49200F9C595 /* Photos.swift in Sources */ = {isa = PBXBuildFile; fileRef = 4A7B1843274BF49200F9C595 /* Photos.swift */; };
		4A7B1846274BF4BE00F9C595 /* PhotoUrl.swift in Sources */ = {isa = PBXBuildFile; fileRef = 4A7B1845274BF4BE00F9C595 /* PhotoUrl.swift */; };
		4A7B1848274BF4C600F9C595 /* AlbumUrl.swift in Sources */ = {isa = PBXBuildFile; fileRef = 4A7B1847274BF4C600F9C595 /* AlbumUrl.swift */; };
		AE52005D256D2C08B2CE1F4B /* Pods_MVVMFetchProject.framework in Frameworks */ = {isa = PBXBuildFile; fileRef = CB802124CB0BB876735BDBA7 /* Pods_MVVMFetchProject.framework */; };
/* End PBXBuildFile section */

/* Begin PBXFileReference section */
		4A7B180C274BEA0000F9C595 /* MVVMFetchProject.app */ = {isa = PBXFileReference; explicitFileType = wrapper.application; includeInIndex = 0; path = MVVMFetchProject.app; sourceTree = BUILT_PRODUCTS_DIR; };
		4A7B180F274BEA0000F9C595 /* AppDelegate.swift */ = {isa = PBXFileReference; lastKnownFileType = sourcecode.swift; path = AppDelegate.swift; sourceTree = "<group>"; };
		4A7B1811274BEA0000F9C595 /* SceneDelegate.swift */ = {isa = PBXFileReference; lastKnownFileType = sourcecode.swift; path = SceneDelegate.swift; sourceTree = "<group>"; };
		4A7B1816274BEA0000F9C595 /* Base */ = {isa = PBXFileReference; lastKnownFileType = file.storyboard; name = Base; path = Base.lproj/Main.storyboard; sourceTree = "<group>"; };
		4A7B1818274BEA0100F9C595 /* Assets.xcassets */ = {isa = PBXFileReference; lastKnownFileType = folder.assetcatalog; path = Assets.xcassets; sourceTree = "<group>"; };
		4A7B181B274BEA0100F9C595 /* Base */ = {isa = PBXFileReference; lastKnownFileType = file.storyboard; name = Base; path = Base.lproj/LaunchScreen.storyboard; sourceTree = "<group>"; };
		4A7B181D274BEA0100F9C595 /* Info.plist */ = {isa = PBXFileReference; lastKnownFileType = text.plist.xml; path = Info.plist; sourceTree = "<group>"; };
		4A7B182D274BEB9100F9C595 /* AlbumDetailsVC.swift */ = {isa = PBXFileReference; lastKnownFileType = sourcecode.swift; path = AlbumDetailsVC.swift; sourceTree = "<group>"; };
		4A7B182F274BEBDC00F9C595 /* ListVC.swift */ = {isa = PBXFileReference; fileEncoding = 4; lastKnownFileType = sourcecode.swift; path = ListVC.swift; sourceTree = "<group>"; };
		4A7B1831274BEC0400F9C595 /* PictureDetailsVC.swift */ = {isa = PBXFileReference; lastKnownFileType = sourcecode.swift; path = PictureDetailsVC.swift; sourceTree = "<group>"; };
		4A7B1833274BED1600F9C595 /* ListCell.swift */ = {isa = PBXFileReference; lastKnownFileType = sourcecode.swift; path = ListCell.swift; sourceTree = "<group>"; };
		4A7B1834274BED1600F9C595 /* ListCell.xib */ = {isa = PBXFileReference; lastKnownFileType = file.xib; path = ListCell.xib; sourceTree = "<group>"; };
		4A7B1837274BED3E00F9C595 /* PhotosCell.swift */ = {isa = PBXFileReference; lastKnownFileType = sourcecode.swift; path = PhotosCell.swift; sourceTree = "<group>"; };
		4A7B1838274BED3E00F9C595 /* PhotosCell.xib */ = {isa = PBXFileReference; lastKnownFileType = file.xib; path = PhotosCell.xib; sourceTree = "<group>"; };
		4A7B183B274BF44400F9C595 /* ExtensionString.swift */ = {isa = PBXFileReference; lastKnownFileType = sourcecode.swift; path = ExtensionString.swift; sourceTree = "<group>"; };
		4A7B183D274BF46000F9C595 /* FetchDataForPhoto.swift */ = {isa = PBXFileReference; lastKnownFileType = sourcecode.swift; path = FetchDataForPhoto.swift; sourceTree = "<group>"; };
		4A7B183F274BF47000F9C595 /* FetchDataForAlbum.swift */ = {isa = PBXFileReference; lastKnownFileType = sourcecode.swift; path = FetchDataForAlbum.swift; sourceTree = "<group>"; };
		4A7B1841274BF48A00F9C595 /* Albums.swift */ = {isa = PBXFileReference; lastKnownFileType = sourcecode.swift; path = Albums.swift; sourceTree = "<group>"; };
		4A7B1843274BF49200F9C595 /* Photos.swift */ = {isa = PBXFileReference; lastKnownFileType = sourcecode.swift; path = Photos.swift; sourceTree = "<group>"; };
		4A7B1845274BF4BE00F9C595 /* PhotoUrl.swift */ = {isa = PBXFileReference; lastKnownFileType = sourcecode.swift; path = PhotoUrl.swift; sourceTree = "<group>"; };
		4A7B1847274BF4C600F9C595 /* AlbumUrl.swift */ = {isa = PBXFileReference; lastKnownFileType = sourcecode.swift; path = AlbumUrl.swift; sourceTree = "<group>"; };
		996F468D023D7D73F1F10695 /* Pods-MVVMFetchProject.release.xcconfig */ = {isa = PBXFileReference; includeInIndex = 1; lastKnownFileType = text.xcconfig; name = "Pods-MVVMFetchProject.release.xcconfig"; path = "Target Support Files/Pods-MVVMFetchProject/Pods-MVVMFetchProject.release.xcconfig"; sourceTree = "<group>"; };
		CB802124CB0BB876735BDBA7 /* Pods_MVVMFetchProject.framework */ = {isa = PBXFileReference; explicitFileType = wrapper.framework; includeInIndex = 0; path = Pods_MVVMFetchProject.framework; sourceTree = BUILT_PRODUCTS_DIR; };
		EF26D5ACEF5CAA858E7A0A7C /* Pods-MVVMFetchProject.debug.xcconfig */ = {isa = PBXFileReference; includeInIndex = 1; lastKnownFileType = text.xcconfig; name = "Pods-MVVMFetchProject.debug.xcconfig"; path = "Target Support Files/Pods-MVVMFetchProject/Pods-MVVMFetchProject.debug.xcconfig"; sourceTree = "<group>"; };
/* End PBXFileReference section */

/* Begin PBXFrameworksBuildPhase section */
		4A7B1809274BEA0000F9C595 /* Frameworks */ = {
			isa = PBXFrameworksBuildPhase;
			buildActionMask = 2147483647;
			files = (
				AE52005D256D2C08B2CE1F4B /* Pods_MVVMFetchProject.framework in Frameworks */,
			);
			runOnlyForDeploymentPostprocessing = 0;
		};
/* End PBXFrameworksBuildPhase section */

/* Begin PBXGroup section */
		4A7B1803274BEA0000F9C595 = {
			isa = PBXGroup;
			children = (
				4A7B180E274BEA0000F9C595 /* MVVMFetchProject */,
				4A7B180D274BEA0000F9C595 /* Products */,
				819F769BF5F11EE4C89EF67B /* Pods */,
				4DB2A463C97FE91234025BC1 /* Frameworks */,
			);
			sourceTree = "<group>";
		};
		4A7B180D274BEA0000F9C595 /* Products */ = {
			isa = PBXGroup;
			children = (
				4A7B180C274BEA0000F9C595 /* MVVMFetchProject.app */,
			);
			name = Products;
			sourceTree = "<group>";
		};
		4A7B180E274BEA0000F9C595 /* MVVMFetchProject */ = {
			isa = PBXGroup;
			children = (
				4A7B1826274BEA3000F9C595 /* Delegates */,
				4A7B1823274BEA0C00F9C595 /* Model */,
				4A7B1824274BEA1C00F9C595 /* Controller */,
				4A7B1825274BEA2500F9C595 /* View */,
				4A7B1815274BEA0000F9C595 /* Main.storyboard */,
				4A7B1818274BEA0100F9C595 /* Assets.xcassets */,
				4A7B181A274BEA0100F9C595 /* LaunchScreen.storyboard */,
				4A7B181D274BEA0100F9C595 /* Info.plist */,
			);
			path = MVVMFetchProject;
			sourceTree = "<group>";
		};
		4A7B1823274BEA0C00F9C595 /* Model */ = {
			isa = PBXGroup;
			children = (
				4A7B182A274BEAC900F9C595 /* FetchingData */,
				4A7B1829274BEAC100F9C595 /* DataClass */,
				4A7B1828274BEAAC00F9C595 /* UrlClass */,
				4A7B1827274BEA8C00F9C595 /* ExtensionString */,
			);
			path = Model;
			sourceTree = "<group>";
		};
		4A7B1824274BEA1C00F9C595 /* Controller */ = {
			isa = PBXGroup;
			children = (
				4A7B1831274BEC0400F9C595 /* PictureDetailsVC.swift */,
				4A7B182D274BEB9100F9C595 /* AlbumDetailsVC.swift */,
				4A7B182F274BEBDC00F9C595 /* ListVC.swift */,
			);
			path = Controller;
			sourceTree = "<group>";
		};
		4A7B1825274BEA2500F9C595 /* View */ = {
			isa = PBXGroup;
			children = (
				4A7B182B274BEAF100F9C595 /* PhotoCellFile */,
				4A7B182C274BEAFF00F9C595 /* ListCellFile */,
			);
			path = View;
			sourceTree = "<group>";
		};
		4A7B1826274BEA3000F9C595 /* Delegates */ = {
			isa = PBXGroup;
			children = (
				4A7B1811274BEA0000F9C595 /* SceneDelegate.swift */,
				4A7B180F274BEA0000F9C595 /* AppDelegate.swift */,
			);
			path = Delegates;
			sourceTree = "<group>";
		};
		4A7B1827274BEA8C00F9C595 /* ExtensionString */ = {
			isa = PBXGroup;
			children = (
				4A7B183B274BF44400F9C595 /* ExtensionString.swift */,
			);
			path = ExtensionString;
			sourceTree = "<group>";
		};
		4A7B1828274BEAAC00F9C595 /* UrlClass */ = {
			isa = PBXGroup;
			children = (
				4A7B1845274BF4BE00F9C595 /* PhotoUrl.swift */,
				4A7B1847274BF4C600F9C595 /* AlbumUrl.swift */,
			);
			path = UrlClass;
			sourceTree = "<group>";
		};
		4A7B1829274BEAC100F9C595 /* DataClass */ = {
			isa = PBXGroup;
			children = (
				4A7B1841274BF48A00F9C595 /* Albums.swift */,
				4A7B1843274BF49200F9C595 /* Photos.swift */,
			);
			path = DataClass;
			sourceTree = "<group>";
		};
		4A7B182A274BEAC900F9C595 /* FetchingData */ = {
			isa = PBXGroup;
			children = (
				4A7B183D274BF46000F9C595 /* FetchDataForPhoto.swift */,
				4A7B183F274BF47000F9C595 /* FetchDataForAlbum.swift */,
			);
			path = FetchingData;
			sourceTree = "<group>";
		};
		4A7B182B274BEAF100F9C595 /* PhotoCellFile */ = {
			isa = PBXGroup;
			children = (
				4A7B1837274BED3E00F9C595 /* PhotosCell.swift */,
				4A7B1838274BED3E00F9C595 /* PhotosCell.xib */,
			);
			path = PhotoCellFile;
			sourceTree = "<group>";
		};
		4A7B182C274BEAFF00F9C595 /* ListCellFile */ = {
			isa = PBXGroup;
			children = (
				4A7B1833274BED1600F9C595 /* ListCell.swift */,
				4A7B1834274BED1600F9C595 /* ListCell.xib */,
			);
			path = ListCellFile;
			sourceTree = "<group>";
		};
		4DB2A463C97FE91234025BC1 /* Frameworks */ = {
			isa = PBXGroup;
			children = (
				CB802124CB0BB876735BDBA7 /* Pods_MVVMFetchProject.framework */,
			);
			name = Frameworks;
			sourceTree = "<group>";
		};
		819F769BF5F11EE4C89EF67B /* Pods */ = {
			isa = PBXGroup;
			children = (
				EF26D5ACEF5CAA858E7A0A7C /* Pods-MVVMFetchProject.debug.xcconfig */,
				996F468D023D7D73F1F10695 /* Pods-MVVMFetchProject.release.xcconfig */,
			);
			name = Pods;
			path = Pods;
			sourceTree = "<group>";
		};
/* End PBXGroup section */

/* Begin PBXNativeTarget section */
		4A7B180B274BEA0000F9C595 /* MVVMFetchProject */ = {
			isa = PBXNativeTarget;
			buildConfigurationList = 4A7B1820274BEA0100F9C595 /* Build configuration list for PBXNativeTarget "MVVMFetchProject" */;
			buildPhases = (
				A58A5D9B2A0A38EBF91763F8 /* [CP] Check Pods Manifest.lock */,
				4A7B1808274BEA0000F9C595 /* Sources */,
				4A7B1809274BEA0000F9C595 /* Frameworks */,
				4A7B180A274BEA0000F9C595 /* Resources */,
				D00472E908E234B2DA9A321E /* [CP] Embed Pods Frameworks */,
			);
			buildRules = (
			);
			dependencies = (
			);
			name = MVVMFetchProject;
			productName = MVVMFetchProject;
			productReference = 4A7B180C274BEA0000F9C595 /* MVVMFetchProject.app */;
			productType = "com.apple.product-type.application";
		};
/* End PBXNativeTarget section */

/* Begin PBXProject section */
		4A7B1804274BEA0000F9C595 /* Project object */ = {
			isa = PBXProject;
			attributes = {
				BuildIndependentTargetsInParallel = 1;
				LastSwiftUpdateCheck = 1300;
				LastUpgradeCheck = 1300;
				TargetAttributes = {
					4A7B180B274BEA0000F9C595 = {
						CreatedOnToolsVersion = 13.0;
					};
				};
			};
			buildConfigurationList = 4A7B1807274BEA0000F9C595 /* Build configuration list for PBXProject "MVVMFetchProject" */;
			compatibilityVersion = "Xcode 13.0";
			developmentRegion = en;
			hasScannedForEncodings = 0;
			knownRegions = (
				en,
				Base,
			);
			mainGroup = 4A7B1803274BEA0000F9C595;
			productRefGroup = 4A7B180D274BEA0000F9C595 /* Products */;
			projectDirPath = "";
			projectRoot = "";
			targets = (
				4A7B180B274BEA0000F9C595 /* MVVMFetchProject */,
			);
		};
/* End PBXProject section */

/* Begin PBXResourcesBuildPhase section */
		4A7B180A274BEA0000F9C595 /* Resources */ = {
			isa = PBXResourcesBuildPhase;
			buildActionMask = 2147483647;
			files = (
				4A7B181C274BEA0100F9C595 /* LaunchScreen.storyboard in Resources */,
				4A7B1836274BED1600F9C595 /* ListCell.xib in Resources */,
				4A7B1819274BEA0100F9C595 /* Assets.xcassets in Resources */,
				4A7B183A274BED3E00F9C595 /* PhotosCell.xib in Resources */,
				4A7B1817274BEA0000F9C595 /* Main.storyboard in Resources */,
			);
			runOnlyForDeploymentPostprocessing = 0;
		};
/* End PBXResourcesBuildPhase section */

/* Begin PBXShellScriptBuildPhase section */
		A58A5D9B2A0A38EBF91763F8 /* [CP] Check Pods Manifest.lock */ = {
			isa = PBXShellScriptBuildPhase;
			buildActionMask = 2147483647;
			files = (
			);
			inputFileListPaths = (
			);
			inputPaths = (
				"${PODS_PODFILE_DIR_PATH}/Podfile.lock",
				"${PODS_ROOT}/Manifest.lock",
			);
			name = "[CP] Check Pods Manifest.lock";
			outputFileListPaths = (
			);
			outputPaths = (
				"$(DERIVED_FILE_DIR)/Pods-MVVMFetchProject-checkManifestLockResult.txt",
			);
			runOnlyForDeploymentPostprocessing = 0;
			shellPath = /bin/sh;
			shellScript = "diff \"${PODS_PODFILE_DIR_PATH}/Podfile.lock\" \"${PODS_ROOT}/Manifest.lock\" > /dev/null\nif [ $? != 0 ] ; then\n    # print error to STDERR\n    echo \"error: The sandbox is not in sync with the Podfile.lock. Run 'pod install' or update your CocoaPods installation.\" >&2\n    exit 1\nfi\n# This output is used by Xcode 'outputs' to avoid re-running this script phase.\necho \"SUCCESS\" > \"${SCRIPT_OUTPUT_FILE_0}\"\n";
			showEnvVarsInLog = 0;
		};
		D00472E908E234B2DA9A321E /* [CP] Embed Pods Frameworks */ = {
			isa = PBXShellScriptBuildPhase;
			buildActionMask = 2147483647;
			files = (
			);
			inputFileListPaths = (
				"${PODS_ROOT}/Target Support Files/Pods-MVVMFetchProject/Pods-MVVMFetchProject-frameworks-${CONFIGURATION}-input-files.xcfilelist",
			);
			name = "[CP] Embed Pods Frameworks";
			outputFileListPaths = (
				"${PODS_ROOT}/Target Support Files/Pods-MVVMFetchProject/Pods-MVVMFetchProject-frameworks-${CONFIGURATION}-output-files.xcfilelist",
			);
			runOnlyForDeploymentPostprocessing = 0;
			shellPath = /bin/sh;
			shellScript = "\"${PODS_ROOT}/Target Support Files/Pods-MVVMFetchProject/Pods-MVVMFetchProject-frameworks.sh\"\n";
			showEnvVarsInLog = 0;
		};
/* End PBXShellScriptBuildPhase section */

/* Begin PBXSourcesBuildPhase section */
		4A7B1808274BEA0000F9C595 /* Sources */ = {
			isa = PBXSourcesBuildPhase;
			buildActionMask = 2147483647;
			files = (
				4A7B1844274BF49200F9C595 /* Photos.swift in Sources */,
				4A7B1830274BEBDC00F9C595 /* ListVC.swift in Sources */,
				4A7B1810274BEA0000F9C595 /* AppDelegate.swift in Sources */,
				4A7B1848274BF4C600F9C595 /* AlbumUrl.swift in Sources */,
				4A7B1840274BF47000F9C595 /* FetchDataForAlbum.swift in Sources */,
				4A7B1812274BEA0000F9C595 /* SceneDelegate.swift in Sources */,
				4A7B1839274BED3E00F9C595 /* PhotosCell.swift in Sources */,
				4A7B1842274BF48A00F9C595 /* Albums.swift in Sources */,
				4A7B183C274BF44400F9C595 /* ExtensionString.swift in Sources */,
				4A7B1846274BF4BE00F9C595 /* PhotoUrl.swift in Sources */,
				4A7B183E274BF46000F9C595 /* FetchDataForPhoto.swift in Sources */,
				4A7B1835274BED1600F9C595 /* ListCell.swift in Sources */,
				4A7B182E274BEB9100F9C595 /* AlbumDetailsVC.swift in Sources */,
				4A7B1832274BEC0400F9C595 /* PictureDetailsVC.swift in Sources */,
			);
			runOnlyForDeploymentPostprocessing = 0;
		};
/* End PBXSourcesBuildPhase section */

/* Begin PBXVariantGroup section */
		4A7B1815274BEA0000F9C595 /* Main.storyboard */ = {
			isa = PBXVariantGroup;
			children = (
				4A7B1816274BEA0000F9C595 /* Base */,
			);
			name = Main.storyboard;
			sourceTree = "<group>";
		};
		4A7B181A274BEA0100F9C595 /* LaunchScreen.storyboard */ = {
			isa = PBXVariantGroup;
			children = (
				4A7B181B274BEA0100F9C595 /* Base */,
			);
			name = LaunchScreen.storyboard;
			sourceTree = "<group>";
		};
/* End PBXVariantGroup section */

/* Begin XCBuildConfiguration section */
		4A7B181E274BEA0100F9C595 /* Debug */ = {
			isa = XCBuildConfiguration;
			buildSettings = {
				ALWAYS_SEARCH_USER_PATHS = NO;
				CLANG_ANALYZER_NONNULL = YES;
				CLANG_ANALYZER_NUMBER_OBJECT_CONVERSION = YES_AGGRESSIVE;
				CLANG_CXX_LANGUAGE_STANDARD = "gnu++17";
				CLANG_CXX_LIBRARY = "libc++";
				CLANG_ENABLE_MODULES = YES;
				CLANG_ENABLE_OBJC_ARC = YES;
				CLANG_ENABLE_OBJC_WEAK = YES;
				CLANG_WARN_BLOCK_CAPTURE_AUTORELEASING = YES;
				CLANG_WARN_BOOL_CONVERSION = YES;
				CLANG_WARN_COMMA = YES;
				CLANG_WARN_CONSTANT_CONVERSION = YES;
				CLANG_WARN_DEPRECATED_OBJC_IMPLEMENTATIONS = YES;
				CLANG_WARN_DIRECT_OBJC_ISA_USAGE = YES_ERROR;
				CLANG_WARN_DOCUMENTATION_COMMENTS = YES;
				CLANG_WARN_EMPTY_BODY = YES;
				CLANG_WARN_ENUM_CONVERSION = YES;
				CLANG_WARN_INFINITE_RECURSION = YES;
				CLANG_WARN_INT_CONVERSION = YES;
				CLANG_WARN_NON_LITERAL_NULL_CONVERSION = YES;
				CLANG_WARN_OBJC_IMPLICIT_RETAIN_SELF = YES;
				CLANG_WARN_OBJC_LITERAL_CONVERSION = YES;
				CLANG_WARN_OBJC_ROOT_CLASS = YES_ERROR;
				CLANG_WARN_QUOTED_INCLUDE_IN_FRAMEWORK_HEADER = YES;
				CLANG_WARN_RANGE_LOOP_ANALYSIS = YES;
				CLANG_WARN_STRICT_PROTOTYPES = YES;
				CLANG_WARN_SUSPICIOUS_MOVE = YES;
				CLANG_WARN_UNGUARDED_AVAILABILITY = YES_AGGRESSIVE;
				CLANG_WARN_UNREACHABLE_CODE = YES;
				CLANG_WARN__DUPLICATE_METHOD_MATCH = YES;
				COPY_PHASE_STRIP = NO;
				DEBUG_INFORMATION_FORMAT = dwarf;
				ENABLE_STRICT_OBJC_MSGSEND = YES;
				ENABLE_TESTABILITY = YES;
				GCC_C_LANGUAGE_STANDARD = gnu11;
				GCC_DYNAMIC_NO_PIC = NO;
				GCC_NO_COMMON_BLOCKS = YES;
				GCC_OPTIMIZATION_LEVEL = 0;
				GCC_PREPROCESSOR_DEFINITIONS = (
					"DEBUG=1",
					"$(inherited)",
				);
				GCC_WARN_64_TO_32_BIT_CONVERSION = YES;
				GCC_WARN_ABOUT_RETURN_TYPE = YES_ERROR;
				GCC_WARN_UNDECLARED_SELECTOR = YES;
				GCC_WARN_UNINITIALIZED_AUTOS = YES_AGGRESSIVE;
				GCC_WARN_UNUSED_FUNCTION = YES;
				GCC_WARN_UNUSED_VARIABLE = YES;
				IPHONEOS_DEPLOYMENT_TARGET = 15.0;
				MTL_ENABLE_DEBUG_INFO = INCLUDE_SOURCE;
				MTL_FAST_MATH = YES;
				ONLY_ACTIVE_ARCH = YES;
				SDKROOT = iphoneos;
				SWIFT_ACTIVE_COMPILATION_CONDITIONS = DEBUG;
				SWIFT_OPTIMIZATION_LEVEL = "-Onone";
			};
			name = Debug;
		};
		4A7B181F274BEA0100F9C595 /* Release */ = {
			isa = XCBuildConfiguration;
			buildSettings = {
				ALWAYS_SEARCH_USER_PATHS = NO;
				CLANG_ANALYZER_NONNULL = YES;
				CLANG_ANALYZER_NUMBER_OBJECT_CONVERSION = YES_AGGRESSIVE;
				CLANG_CXX_LANGUAGE_STANDARD = "gnu++17";
				CLANG_CXX_LIBRARY = "libc++";
				CLANG_ENABLE_MODULES = YES;
				CLANG_ENABLE_OBJC_ARC = YES;
				CLANG_ENABLE_OBJC_WEAK = YES;
				CLANG_WARN_BLOCK_CAPTURE_AUTORELEASING = YES;
				CLANG_WARN_BOOL_CONVERSION = YES;
				CLANG_WARN_COMMA = YES;
				CLANG_WARN_CONSTANT_CONVERSION = YES;
				CLANG_WARN_DEPRECATED_OBJC_IMPLEMENTATIONS = YES;
				CLANG_WARN_DIRECT_OBJC_ISA_USAGE = YES_ERROR;
				CLANG_WARN_DOCUMENTATION_COMMENTS = YES;
				CLANG_WARN_EMPTY_BODY = YES;
				CLANG_WARN_ENUM_CONVERSION = YES;
				CLANG_WARN_INFINITE_RECURSION = YES;
				CLANG_WARN_INT_CONVERSION = YES;
				CLANG_WARN_NON_LITERAL_NULL_CONVERSION = YES;
				CLANG_WARN_OBJC_IMPLICIT_RETAIN_SELF = YES;
				CLANG_WARN_OBJC_LITERAL_CONVERSION = YES;
				CLANG_WARN_OBJC_ROOT_CLASS = YES_ERROR;
				CLANG_WARN_QUOTED_INCLUDE_IN_FRAMEWORK_HEADER = YES;
				CLANG_WARN_RANGE_LOOP_ANALYSIS = YES;
				CLANG_WARN_STRICT_PROTOTYPES = YES;
				CLANG_WARN_SUSPICIOUS_MOVE = YES;
				CLANG_WARN_UNGUARDED_AVAILABILITY = YES_AGGRESSIVE;
				CLANG_WARN_UNREACHABLE_CODE = YES;
				CLANG_WARN__DUPLICATE_METHOD_MATCH = YES;
				COPY_PHASE_STRIP = NO;
				DEBUG_INFORMATION_FORMAT = "dwarf-with-dsym";
				ENABLE_NS_ASSERTIONS = NO;
				ENABLE_STRICT_OBJC_MSGSEND = YES;
				GCC_C_LANGUAGE_STANDARD = gnu11;
				GCC_NO_COMMON_BLOCKS = YES;
				GCC_WARN_64_TO_32_BIT_CONVERSION = YES;
				GCC_WARN_ABOUT_RETURN_TYPE = YES_ERROR;
				GCC_WARN_UNDECLARED_SELECTOR = YES;
				GCC_WARN_UNINITIALIZED_AUTOS = YES_AGGRESSIVE;
				GCC_WARN_UNUSED_FUNCTION = YES;
				GCC_WARN_UNUSED_VARIABLE = YES;
				IPHONEOS_DEPLOYMENT_TARGET = 15.0;
				MTL_ENABLE_DEBUG_INFO = NO;
				MTL_FAST_MATH = YES;
				SDKROOT = iphoneos;
				SWIFT_COMPILATION_MODE = wholemodule;
				SWIFT_OPTIMIZATION_LEVEL = "-O";
				VALIDATE_PRODUCT = YES;
			};
			name = Release;
		};
		4A7B1821274BEA0100F9C595 /* Debug */ = {
			isa = XCBuildConfiguration;
			baseConfigurationReference = EF26D5ACEF5CAA858E7A0A7C /* Pods-MVVMFetchProject.debug.xcconfig */;
			buildSettings = {
				ASSETCATALOG_COMPILER_APPICON_NAME = AppIcon;
				ASSETCATALOG_COMPILER_GLOBAL_ACCENT_COLOR_NAME = AccentColor;
				CODE_SIGN_STYLE = Automatic;
				CURRENT_PROJECT_VERSION = 1;
				DEVELOPMENT_TEAM = MZ734Q5998;
				GENERATE_INFOPLIST_FILE = YES;
				INFOPLIST_FILE = MVVMFetchProject/Info.plist;
				INFOPLIST_KEY_UIApplicationSupportsIndirectInputEvents = YES;
				INFOPLIST_KEY_UILaunchStoryboardName = LaunchScreen;
				INFOPLIST_KEY_UIMainStoryboardFile = Main;
				INFOPLIST_KEY_UISupportedInterfaceOrientations_iPad = "UIInterfaceOrientationPortrait UIInterfaceOrientationPortraitUpsideDown UIInterfaceOrientationLandscapeLeft UIInterfaceOrientationLandscapeRight";
				INFOPLIST_KEY_UISupportedInterfaceOrientations_iPhone = "UIInterfaceOrientationPortrait UIInterfaceOrientationLandscapeLeft UIInterfaceOrientationLandscapeRight";
				LD_RUNPATH_SEARCH_PATHS = (
					"$(inherited)",
					"@executable_path/Frameworks",
				);
				MARKETING_VERSION = 1.0;
				PRODUCT_BUNDLE_IDENTIFIER = com.onuralpyahnici.MVVMFetchProject;
				PRODUCT_NAME = "$(TARGET_NAME)";
				SWIFT_EMIT_LOC_STRINGS = YES;
				SWIFT_VERSION = 5.0;
				TARGETED_DEVICE_FAMILY = "1,2";
			};
			name = Debug;
		};
		4A7B1822274BEA0100F9C595 /* Release */ = {
			isa = XCBuildConfiguration;
			baseConfigurationReference = 996F468D023D7D73F1F10695 /* Pods-MVVMFetchProject.release.xcconfig */;
			buildSettings = {
				ASSETCATALOG_COMPILER_APPICON_NAME = AppIcon;
				ASSETCATALOG_COMPILER_GLOBAL_ACCENT_COLOR_NAME = AccentColor;
				CODE_SIGN_STYLE = Automatic;
				CURRENT_PROJECT_VERSION = 1;
				DEVELOPMENT_TEAM = MZ734Q5998;
				GENERATE_INFOPLIST_FILE = YES;
				INFOPLIST_FILE = MVVMFetchProject/Info.plist;
				INFOPLIST_KEY_UIApplicationSupportsIndirectInputEvents = YES;
				INFOPLIST_KEY_UILaunchStoryboardName = LaunchScreen;
				INFOPLIST_KEY_UIMainStoryboardFile = Main;
				INFOPLIST_KEY_UISupportedInterfaceOrientations_iPad = "UIInterfaceOrientationPortrait UIInterfaceOrientationPortraitUpsideDown UIInterfaceOrientationLandscapeLeft UIInterfaceOrientationLandscapeRight";
				INFOPLIST_KEY_UISupportedInterfaceOrientations_iPhone = "UIInterfaceOrientationPortrait UIInterfaceOrientationLandscapeLeft UIInterfaceOrientationLandscapeRight";
				LD_RUNPATH_SEARCH_PATHS = (
					"$(inherited)",
					"@executable_path/Frameworks",
				);
				MARKETING_VERSION = 1.0;
				PRODUCT_BUNDLE_IDENTIFIER = com.onuralpyahnici.MVVMFetchProject;
				PRODUCT_NAME = "$(TARGET_NAME)";
				SWIFT_EMIT_LOC_STRINGS = YES;
				SWIFT_VERSION = 5.0;
				TARGETED_DEVICE_FAMILY = "1,2";
			};
			name = Release;
		};
/* End XCBuildConfiguration section */

/* Begin XCConfigurationList section */
		4A7B1807274BEA0000F9C595 /* Build configuration list for PBXProject "MVVMFetchProject" */ = {
			isa = XCConfigurationList;
			buildConfigurations = (
				4A7B181E274BEA0100F9C595 /* Debug */,
				4A7B181F274BEA0100F9C595 /* Release */,
			);
			defaultConfigurationIsVisible = 0;
			defaultConfigurationName = Release;
		};
		4A7B1820274BEA0100F9C595 /* Build configuration list for PBXNativeTarget "MVVMFetchProject" */ = {
			isa = XCConfigurationList;
			buildConfigurations = (
				4A7B1821274BEA0100F9C595 /* Debug */,
				4A7B1822274BEA0100F9C595 /* Release */,
			);
			defaultConfigurationIsVisible = 0;
			defaultConfigurationName = Release;
		};
/* End XCConfigurationList section */
	};
	rootObject = 4A7B1804274BEA0000F9C595 /* Project object */;
}
